
Microsoft Visual Studio Solution File, Format Version 12.00
# Visual Studio Version 16
VisualStudioVersion = 16.0.31313.79
MinimumVisualStudioVersion = 10.0.40219.1
Project("{FAE04EC0-301F-11D3-BF4B-00C04F79EFBC}") = "encryption-converter", "encryption-converter.csproj", "{9D61CEBF-8F0F-4D48-8743-54C4052F8AAF}"
EndProject
Global
	GlobalSection(SolutionConfigurationPlatforms) = preSolution
		Debug|Any CPU = Debug|Any CPU
		Release|Any CPU = Release|Any CPU
	EndGlobalSection
	GlobalSection(ProjectConfigurationPlatforms) = postSolution
		{9D61CEBF-8F0F-4D48-8743-54C4052F8AAF}.Debug|Any CPU.ActiveCfg = Debug|Any CPU
		{9D61CEBF-8F0F-4D48-8743-54C4052F8AAF}.Debug|Any CPU.Build.0 = Debug|Any CPU
		{9D61CEBF-8F0F-4D48-8743-54C4052F8AAF}.Release|Any CPU.ActiveCfg = Release|Any CPU
		{9D61CEBF-8F0F-4D48-8743-54C4052F8AAF}.Release|Any CPU.Build.0 = Release|Any CPU
	EndGlobalSection
	GlobalSection(SolutionProperties) = preSolution
		HideSolutionNode = FALSE
	EndGlobalSection
	GlobalSection(ExtensibilityGlobals) = postSolution
		SolutionGuid = {17205C76-F573-4ABB-9110-4C43E2487D5B}
	EndGlobalSection
EndGlobal
